PODS:
  - Beagle (1.0.1):
    - Beagle/Beagle (= 1.0.1)
  - Beagle/Beagle (1.0.1):
    - BeagleSchema (= 1.0.1)
    - YogaKit
  - BeagleSchema (1.0.1)
  - Yoga (1.14.0)
  - YogaKit (1.18.1):
    - Yoga (~> 1.14)

DEPENDENCIES:
  - Beagle
  - YogaKit (from `https://github.com/ZupIT/YogaKit`)

SPEC REPOS:
  trunk:
    - Beagle
    - BeagleSchema
    - Yoga

EXTERNAL SOURCES:
  YogaKit:
    :git: https://github.com/ZupIT/YogaKit

CHECKOUT OPTIONS:
  YogaKit:
    :commit: 939ed55b23a687b91a378acfd80ca9e47bf1c000
    :git: https://github.com/ZupIT/YogaKit

SPEC CHECKSUMS:
  Beagle: 08217dc100fab8986f04678f138b34b9f4082e75
  BeagleSchema: 56a44a8bd49a3e4585dad008cc3ef8dc6b6fc0f7
  Yoga: cff67a400f6b74dc38eb0bad4f156673d9aa980c
  YogaKit: 3a733275fd1639b96a304f6f5c11421478371e6b

PODFILE CHECKSUM: 92da8640e05f3229986ff98015bd253e57bc8907

COCOAPODS: 1.10.0.beta.1
